{
  "name": "dia-1-introducao-a-typescript",
  "lockfileVersion": 2,
  "requires": true,
  "packages": {
    "": {
      "devDependencies": {
        "@types/node": "16.11"
      }
    },
    "node_modules/@types/node": {
      "version": "16.11.68",
      "resolved": "https://registry.npmjs.org/@types/node/-/node-16.11.68.tgz",
      "integrity": "sha512-JkRpuVz3xCNCWaeQ5EHLR/6woMbHZz/jZ7Kmc63AkU+1HxnoUugzSWMck7dsR4DvNYX8jp9wTi9K7WvnxOIQZQ==",
      "dev": true
    }
  },
  "dependencies": {
    "@types/node": {
      "version": "16.11.68",
      "resolved": "https://registry.npmjs.org/@types/node/-/node-16.11.68.tgz",
      "integrity": "sha512-JkRpuVz3xCNCWaeQ5EHLR/6woMbHZz/jZ7Kmc63AkU+1HxnoUugzSWMck7dsR4DvNYX8jp9wTi9K7WvnxOIQZQ==",
      "dev": true
    }
  }
}
